{
  "version": 4,
  "terraform_version": "1.7.3",
  "serial": 53,
  "lineage": "24bc4316-2ee6-ccef-3cf1-37dc27d44844",
  "outputs": {},
  "resources": [
    {
      "mode": "managed",
      "type": "openstack_compute_instance_v2",
      "name": "dev_server",
      "provider": "provider[\"registry.terraform.io/terraform-provider-openstack/openstack\"]",
      "instances": [
        {
          "index_key": 0,
          "status": "tainted",
          "schema_version": 0,
          "attributes": {
            "access_ip_v4": "10.196.38.194",
            "access_ip_v6": "",
            "admin_pass": null,
            "all_metadata": {},
            "all_tags": [],
            "availability_zone": "nova",
            "availability_zone_hints": null,
            "block_device": [],
            "config_drive": null,
            "created": "2024-02-22 05:57:40 +0000 UTC",
            "flavor_id": "3a08c62b-a3c4-4414-b8c2-23e2bc4d42de",
            "flavor_name": "css.1c1r.10g",
            "floating_ip": null,
            "force_delete": false,
            "id": "8018e2ad-76ac-4d01-993c-e74c2789b621",
            "image_id": "6094568b-0d16-48a5-bc10-66645c361d4a",
            "image_name": "Ubuntu-22.04-LTS",
            "key_pair": "key",
            "metadata": null,
            "name": "DevServer-0",
            "network": [
              {
                "access_network": false,
                "fixed_ip_v4": "10.196.38.194",
                "fixed_ip_v6": "",
                "floating_ip": "",
                "mac": "fa:16:3e:2e:35:b9",
                "name": "acit",
                "port": "",
                "uuid": "ca5c496c-0fa7-46f9-a798-3c4455bad65f"
              }
            ],
            "network_mode": null,
            "personality": [],
            "power_state": "active",
            "region": "RegionOne",
            "scheduler_hints": [],
            "security_groups": [
              "default"
            ],
            "stop_before_destroy": false,
            "tags": null,
            "timeouts": null,
            "updated": "2024-02-22 05:57:47 +0000 UTC",
            "user_data": null,
            "vendor_options": [],
            "volume": []
          },
          "sensitive_attributes": [],
          "private": "eyJlMmJmYjczMC1lY2FhLTExZTYtOGY4OC0zNDM2M2JjN2M0YzAiOnsiY3JlYXRlIjoxODAwMDAwMDAwMDAwLCJkZWxldGUiOjE4MDAwMDAwMDAwMDAsInVwZGF0ZSI6MTgwMDAwMDAwMDAwMH19"
        },
        {
          "index_key": 1,
          "status": "tainted",
          "schema_version": 0,
          "attributes": {
            "access_ip_v4": "10.196.39.41",
            "access_ip_v6": "",
            "admin_pass": null,
            "all_metadata": {},
            "all_tags": [],
            "availability_zone": "nova",
            "availability_zone_hints": null,
            "block_device": [],
            "config_drive": null,
            "created": "2024-02-22 05:57:40 +0000 UTC",
            "flavor_id": "3a08c62b-a3c4-4414-b8c2-23e2bc4d42de",
            "flavor_name": "css.1c1r.10g",
            "floating_ip": null,
            "force_delete": false,
            "id": "9c0edd56-3c14-4313-882c-692a8a248e39",
            "image_id": "6094568b-0d16-48a5-bc10-66645c361d4a",
            "image_name": "Ubuntu-22.04-LTS",
            "key_pair": "key",
            "metadata": null,
            "name": "DevServer-1",
            "network": [
              {
                "access_network": false,
                "fixed_ip_v4": "10.196.39.41",
                "fixed_ip_v6": "",
                "floating_ip": "",
                "mac": "fa:16:3e:c6:04:41",
                "name": "acit",
                "port": "",
                "uuid": "ca5c496c-0fa7-46f9-a798-3c4455bad65f"
              }
            ],
            "network_mode": null,
            "personality": [],
            "power_state": "active",
            "region": "RegionOne",
            "scheduler_hints": [],
            "security_groups": [
              "default"
            ],
            "stop_before_destroy": false,
            "tags": null,
            "timeouts": null,
            "updated": "2024-02-22 05:57:46 +0000 UTC",
            "user_data": null,
            "vendor_options": [],
            "volume": []
          },
          "sensitive_attributes": [],
          "private": "eyJlMmJmYjczMC1lY2FhLTExZTYtOGY4OC0zNDM2M2JjN2M0YzAiOnsiY3JlYXRlIjoxODAwMDAwMDAwMDAwLCJkZWxldGUiOjE4MDAwMDAwMDAwMDAsInVwZGF0ZSI6MTgwMDAwMDAwMDAwMH19"
        }
      ]
    }
  ],
  "check_results": null
}
